
Microsoft Visual Studio Solution File, Format Version 12.00
# Visual Studio 15
VisualStudioVersion = 15.0.26228.12
MinimumVisualStudioVersion = 10.0.40219.1
Project("{FAE04EC0-301F-11D3-BF4B-00C04F79EFBC}") = "PickandPlaceV2", "PickandPlaceV2\PickandPlaceV2.csproj", "{965C9C9E-8A89-42B2-968B-B94A61B211D3}"
EndProject
Global
	GlobalSection(SolutionConfigurationPlatforms) = preSolution
		Debug|Any CPU = Debug|Any CPU
		Release|Any CPU = Release|Any CPU
	EndGlobalSection
	GlobalSection(ProjectConfigurationPlatforms) = postSolution
		{965C9C9E-8A89-42B2-968B-B94A61B211D3}.Debug|Any CPU.ActiveCfg = Debug|Any CPU
		{965C9C9E-8A89-42B2-968B-B94A61B211D3}.Debug|Any CPU.Build.0 = Debug|Any CPU
		{965C9C9E-8A89-42B2-968B-B94A61B211D3}.Release|Any CPU.ActiveCfg = Release|Any CPU
		{965C9C9E-8A89-42B2-968B-B94A61B211D3}.Release|Any CPU.Build.0 = Release|Any CPU
	EndGlobalSection
	GlobalSection(SolutionProperties) = preSolution
		HideSolutionNode = FALSE
	EndGlobalSection
EndGlobal
